
Microsoft Visual Studio Solution File, Format Version 12.00
# Visual Studio 14
VisualStudioVersion = 14.0.25123.0
MinimumVisualStudioVersion = 10.0.40219.1
Project("{FAE04EC0-301F-11D3-BF4B-00C04F79EFBC}") = "Comp2007-S2016-Lesson1B", "Comp2007-S2016-Lesson1B\Comp2007-S2016-Lesson1B.csproj", "{ED480496-F344-4629-ADC1-2020E511453D}"
EndProject
Global
	GlobalSection(SolutionConfigurationPlatforms) = preSolution
		Debug|Any CPU = Debug|Any CPU
		Release|Any CPU = Release|Any CPU
	EndGlobalSection
	GlobalSection(ProjectConfigurationPlatforms) = postSolution
		{ED480496-F344-4629-ADC1-2020E511453D}.Debug|Any CPU.ActiveCfg = Debug|Any CPU
		{ED480496-F344-4629-ADC1-2020E511453D}.Debug|Any CPU.Build.0 = Debug|Any CPU
		{ED480496-F344-4629-ADC1-2020E511453D}.Release|Any CPU.ActiveCfg = Release|Any CPU
		{ED480496-F344-4629-ADC1-2020E511453D}.Release|Any CPU.Build.0 = Release|Any CPU
	EndGlobalSection
	GlobalSection(SolutionProperties) = preSolution
		HideSolutionNode = FALSE
	EndGlobalSection
EndGlobal
